
Microsoft Visual Studio Solution File, Format Version 12.00
# Visual Studio Version 17
VisualStudioVersion = 17.5.33424.131
MinimumVisualStudioVersion = 10.0.40219.1
Project("{FAE04EC0-301F-11D3-BF4B-00C04F79EFBC}") = "Unified Project Selector", "Unified Project Selector\Unified Project Selector.csproj", "{33D60304-178E-43F6-8B9D-1F45318ACA22}"
EndProject
Global
	GlobalSection(SolutionConfigurationPlatforms) = preSolution
		Debug|Any CPU = Debug|Any CPU
		Release|Any CPU = Release|Any CPU
	EndGlobalSection
	GlobalSection(ProjectConfigurationPlatforms) = postSolution
		{33D60304-178E-43F6-8B9D-1F45318ACA22}.Debug|Any CPU.ActiveCfg = Debug|Any CPU
		{33D60304-178E-43F6-8B9D-1F45318ACA22}.Debug|Any CPU.Build.0 = Debug|Any CPU
		{33D60304-178E-43F6-8B9D-1F45318ACA22}.Release|Any CPU.ActiveCfg = Release|Any CPU
		{33D60304-178E-43F6-8B9D-1F45318ACA22}.Release|Any CPU.Build.0 = Release|Any CPU
	EndGlobalSection
	GlobalSection(SolutionProperties) = preSolution
		HideSolutionNode = FALSE
	EndGlobalSection
	GlobalSection(ExtensibilityGlobals) = postSolution
		SolutionGuid = {15599B38-F5AE-4212-A217-A80B3061F210}
	EndGlobalSection
EndGlobal
